
Microsoft Visual Studio Solution File, Format Version 12.00
# Visual Studio Version 17
VisualStudioVersion = 17.5.002.0
MinimumVisualStudioVersion = 10.0.40219.1
Project("{9A19103F-16F7-4668-BE54-9A1E7A4F7556}") = "TrilhaApiDesafio", "TrilhaApiDesafio.csproj", "{C794CD4B-9DC3-44B1-8AAE-D67A083208D3}"
EndProject
Global
	GlobalSection(SolutionConfigurationPlatforms) = preSolution
		Debug|Any CPU = Debug|Any CPU
		Release|Any CPU = Release|Any CPU
	EndGlobalSection
	GlobalSection(ProjectConfigurationPlatforms) = postSolution
		{C794CD4B-9DC3-44B1-8AAE-D67A083208D3}.Debug|Any CPU.ActiveCfg = Debug|Any CPU
		{C794CD4B-9DC3-44B1-8AAE-D67A083208D3}.Debug|Any CPU.Build.0 = Debug|Any CPU
		{C794CD4B-9DC3-44B1-8AAE-D67A083208D3}.Release|Any CPU.ActiveCfg = Release|Any CPU
		{C794CD4B-9DC3-44B1-8AAE-D67A083208D3}.Release|Any CPU.Build.0 = Release|Any CPU
	EndGlobalSection
	GlobalSection(SolutionProperties) = preSolution
		HideSolutionNode = FALSE
	EndGlobalSection
	GlobalSection(ExtensibilityGlobals) = postSolution
		SolutionGuid = {675C2FED-59A7-4323-B932-E75E89FD1C8A}
	EndGlobalSection
EndGlobal
